PODS:
  - Disk (0.6.4)
  - Resolver (1.4.1)

DEPENDENCIES:
  - Disk
  - Resolver

SPEC REPOS:
  trunk:
    - Disk
    - Resolver

SPEC CHECKSUMS:
  Disk: dcee5c2e98fb72f9a924cde8da8435b08244a80e
  Resolver: c293d0177cbc69fcb700cfd49922ae2122c1829c

PODFILE CHECKSUM: 2a52bf366e01a1193fffc0f01a25b57a51e55067

COCOAPODS: 1.10.1
