// !$*UTF8*$!
{
	archiveVersion = 1;
	classes = {
	};
	objectVersion = 50;
	objects = {

/* Begin PBXBuildFile section */
		36F076EC26000925001FE815 /* ChronosApp.swift in Sources */ = {isa = PBXBuildFile; fileRef = 36F076EB26000925001FE815 /* ChronosApp.swift */; };
		36F076EE26000925001FE815 /* ContentView.swift in Sources */ = {isa = PBXBuildFile; fileRef = 36F076ED26000925001FE815 /* ContentView.swift */; };
		36F076F026000928001FE815 /* Assets.xcassets in Resources */ = {isa = PBXBuildFile; fileRef = 36F076EF26000928001FE815 /* Assets.xcassets */; };
		36F076F326000928001FE815 /* Preview Assets.xcassets in Resources */ = {isa = PBXBuildFile; fileRef = 36F076F226000928001FE815 /* Preview Assets.xcassets */; };
		36F076FE26000929001FE815 /* ChronosTests.swift in Sources */ = {isa = PBXBuildFile; fileRef = 36F076FD26000929001FE815 /* ChronosTests.swift */; };
		36F0770926000929001FE815 /* ChronosUITests.swift in Sources */ = {isa = PBXBuildFile; fileRef = 36F0770826000929001FE815 /* ChronosUITests.swift */; };
/* End PBXBuildFile section */

/* Begin PBXContainerItemProxy section */
		36F076FA26000929001FE815 /* PBXContainerItemProxy */ = {
			isa = PBXContainerItemProxy;
			containerPortal = 36F076E026000925001FE815 /* Project object */;
			proxyType = 1;
			remoteGlobalIDString = 36F076E726000925001FE815;
			remoteInfo = Chronos;
		};
		36F0770526000929001FE815 /* PBXContainerItemProxy */ = {
			isa = PBXContainerItemProxy;
			containerPortal = 36F076E026000925001FE815 /* Project object */;
			proxyType = 1;
			remoteGlobalIDString = 36F076E726000925001FE815;
			remoteInfo = Chronos;
		};
/* End PBXContainerItemProxy section */

/* Begin PBXFileReference section */
		36F076E826000925001FE815 /* Chronos.app */ = {isa = PBXFileReference; explicitFileType = wrapper.application; includeInIndex = 0; path = Chronos.app; sourceTree = BUILT_PRODUCTS_DIR; };
		36F076EB26000925001FE815 /* ChronosApp.swift */ = {isa = PBXFileReference; lastKnownFileType = sourcecode.swift; path = ChronosApp.swift; sourceTree = "<group>"; };
		36F076ED26000925001FE815 /* ContentView.swift */ = {isa = PBXFileReference; lastKnownFileType = sourcecode.swift; path = ContentView.swift; sourceTree = "<group>"; };
		36F076EF26000928001FE815 /* Assets.xcassets */ = {isa = PBXFileReference; lastKnownFileType = folder.assetcatalog; path = Assets.xcassets; sourceTree = "<group>"; };
		36F076F226000928001FE815 /* Preview Assets.xcassets */ = {isa = PBXFileReference; lastKnownFileType = folder.assetcatalog; path = "Preview Assets.xcassets"; sourceTree = "<group>"; };
		36F076F426000928001FE815 /* Info.plist */ = {isa = PBXFileReference; lastKnownFileType = text.plist.xml; path = Info.plist; sourceTree = "<group>"; };
		36F076F926000929001FE815 /* ChronosTests.xctest */ = {isa = PBXFileReference; explicitFileType = wrapper.cfbundle; includeInIndex = 0; path = ChronosTests.xctest; sourceTree = BUILT_PRODUCTS_DIR; };
		36F076FD26000929001FE815 /* ChronosTests.swift */ = {isa = PBXFileReference; lastKnownFileType = sourcecode.swift; path = ChronosTests.swift; sourceTree = "<group>"; };
		36F076FF26000929001FE815 /* Info.plist */ = {isa = PBXFileReference; lastKnownFileType = text.plist.xml; path = Info.plist; sourceTree = "<group>"; };
		36F0770426000929001FE815 /* ChronosUITests.xctest */ = {isa = PBXFileReference; explicitFileType = wrapper.cfbundle; includeInIndex = 0; path = ChronosUITests.xctest; sourceTree = BUILT_PRODUCTS_DIR; };
		36F0770826000929001FE815 /* ChronosUITests.swift */ = {isa = PBXFileReference; lastKnownFileType = sourcecode.swift; path = ChronosUITests.swift; sourceTree = "<group>"; };
		36F0770A26000929001FE815 /* Info.plist */ = {isa = PBXFileReference; lastKnownFileType = text.plist.xml; path = Info.plist; sourceTree = "<group>"; };
/* End PBXFileReference section */

/* Begin PBXFrameworksBuildPhase section */
		36F076E526000925001FE815 /* Frameworks */ = {
			isa = PBXFrameworksBuildPhase;
			buildActionMask = 2147483647;
			files = (
			);
			runOnlyForDeploymentPostprocessing = 0;
		};
		36F076F626000929001FE815 /* Frameworks */ = {
			isa = PBXFrameworksBuildPhase;
			buildActionMask = 2147483647;
			files = (
			);
			runOnlyForDeploymentPostprocessing = 0;
		};
		36F0770126000929001FE815 /* Frameworks */ = {
			isa = PBXFrameworksBuildPhase;
			buildActionMask = 2147483647;
			files = (
			);
			runOnlyForDeploymentPostprocessing = 0;
		};
/* End PBXFrameworksBuildPhase section */

/* Begin PBXGroup section */
		36F076DF26000925001FE815 = {
			isa = PBXGroup;
			children = (
				36F076EA26000925001FE815 /* Chronos */,
				36F076FC26000929001FE815 /* ChronosTests */,
				36F0770726000929001FE815 /* ChronosUITests */,
				36F076E926000925001FE815 /* Products */,
			);
			sourceTree = "<group>";
		};
		36F076E926000925001FE815 /* Products */ = {
			isa = PBXGroup;
			children = (
				36F076E826000925001FE815 /* Chronos.app */,
				36F076F926000929001FE815 /* ChronosTests.xctest */,
				36F0770426000929001FE815 /* ChronosUITests.xctest */,
			);
			name = Products;
			sourceTree = "<group>";
		};
		36F076EA26000925001FE815 /* Chronos */ = {
			isa = PBXGroup;
			children = (
				36F076EB26000925001FE815 /* ChronosApp.swift */,
				36F076ED26000925001FE815 /* ContentView.swift */,
				36F076EF26000928001FE815 /* Assets.xcassets */,
				36F076F426000928001FE815 /* Info.plist */,
				36F076F126000928001FE815 /* Preview Content */,
			);
			path = Chronos;
			sourceTree = "<group>";
		};
		36F076F126000928001FE815 /* Preview Content */ = {
			isa = PBXGroup;
			children = (
				36F076F226000928001FE815 /* Preview Assets.xcassets */,
			);
			path = "Preview Content";
			sourceTree = "<group>";
		};
		36F076FC26000929001FE815 /* ChronosTests */ = {
			isa = PBXGroup;
			children = (
				36F076FD26000929001FE815 /* ChronosTests.swift */,
				36F076FF26000929001FE815 /* Info.plist */,
			);
			path = ChronosTests;
			sourceTree = "<group>";
		};
		36F0770726000929001FE815 /* ChronosUITests */ = {
			isa = PBXGroup;
			children = (
				36F0770826000929001FE815 /* ChronosUITests.swift */,
				36F0770A26000929001FE815 /* Info.plist */,
			);
			path = ChronosUITests;
			sourceTree = "<group>";
		};
/* End PBXGroup section */

/* Begin PBXNativeTarget section */
		36F076E726000925001FE815 /* Chronos */ = {
			isa = PBXNativeTarget;
			buildConfigurationList = 36F0770D26000929001FE815 /* Build configuration list for PBXNativeTarget "Chronos" */;
			buildPhases = (
				36F076E426000925001FE815 /* Sources */,
				36F076E526000925001FE815 /* Frameworks */,
				36F076E626000925001FE815 /* Resources */,
			);
			buildRules = (
			);
			dependencies = (
			);
			name = Chronos;
			productName = Chronos;
			productReference = 36F076E826000925001FE815 /* Chronos.app */;
			productType = "com.apple.product-type.application";
		};
		36F076F826000929001FE815 /* ChronosTests */ = {
			isa = PBXNativeTarget;
			buildConfigurationList = 36F0771026000929001FE815 /* Build configuration list for PBXNativeTarget "ChronosTests" */;
			buildPhases = (
				36F076F526000929001FE815 /* Sources */,
				36F076F626000929001FE815 /* Frameworks */,
				36F076F726000929001FE815 /* Resources */,
			);
			buildRules = (
			);
			dependencies = (
				36F076FB26000929001FE815 /* PBXTargetDependency */,
			);
			name = ChronosTests;
			productName = ChronosTests;
			productReference = 36F076F926000929001FE815 /* ChronosTests.xctest */;
			productType = "com.apple.product-type.bundle.unit-test";
		};
		36F0770326000929001FE815 /* ChronosUITests */ = {
			isa = PBXNativeTarget;
			buildConfigurationList = 36F0771326000929001FE815 /* Build configuration list for PBXNativeTarget "ChronosUITests" */;
			buildPhases = (
				36F0770026000929001FE815 /* Sources */,
				36F0770126000929001FE815 /* Frameworks */,
				36F0770226000929001FE815 /* Resources */,
			);
			buildRules = (
			);
			dependencies = (
				36F0770626000929001FE815 /* PBXTargetDependency */,
			);
			name = ChronosUITests;
			productName = ChronosUITests;
			productReference = 36F0770426000929001FE815 /* ChronosUITests.xctest */;
			productType = "com.apple.product-type.bundle.ui-testing";
		};
/* End PBXNativeTarget section */

/* Begin PBXProject section */
		36F076E026000925001FE815 /* Project object */ = {
			isa = PBXProject;
			attributes = {
				LastSwiftUpdateCheck = 1240;
				LastUpgradeCheck = 1240;
				TargetAttributes = {
					36F076E726000925001FE815 = {
						CreatedOnToolsVersion = 12.4;
					};
					36F076F826000929001FE815 = {
						CreatedOnToolsVersion = 12.4;
						TestTargetID = 36F076E726000925001FE815;
					};
					36F0770326000929001FE815 = {
						CreatedOnToolsVersion = 12.4;
						TestTargetID = 36F076E726000925001FE815;
					};
				};
			};
			buildConfigurationList = 36F076E326000925001FE815 /* Build configuration list for PBXProject "Chronos" */;
			compatibilityVersion = "Xcode 9.3";
			developmentRegion = en;
			hasScannedForEncodings = 0;
			knownRegions = (
				en,
				Base,
			);
			mainGroup = 36F076DF26000925001FE815;
			productRefGroup = 36F076E926000925001FE815 /* Products */;
			projectDirPath = "";
			projectRoot = "";
			targets = (
				36F076E726000925001FE815 /* Chronos */,
				36F076F826000929001FE815 /* ChronosTests */,
				36F0770326000929001FE815 /* ChronosUITests */,
			);
		};
/* End PBXProject section */

/* Begin PBXResourcesBuildPhase section */
		36F076E626000925001FE815 /* Resources */ = {
			isa = PBXResourcesBuildPhase;
			buildActionMask = 2147483647;
			files = (
				36F076F326000928001FE815 /* Preview Assets.xcassets in Resources */,
				36F076F026000928001FE815 /* Assets.xcassets in Resources */,
			);
			runOnlyForDeploymentPostprocessing = 0;
		};
		36F076F726000929001FE815 /* Resources */ = {
			isa = PBXResourcesBuildPhase;
			buildActionMask = 2147483647;
			files = (
			);
			runOnlyForDeploymentPostprocessing = 0;
		};
		36F0770226000929001FE815 /* Resources */ = {
			isa = PBXResourcesBuildPhase;
			buildActionMask = 2147483647;
			files = (
			);
			runOnlyForDeploymentPostprocessing = 0;
		};
/* End PBXResourcesBuildPhase section */

/* Begin PBXSourcesBuildPhase section */
		36F076E426000925001FE815 /* Sources */ = {
			isa = PBXSourcesBuildPhase;
			buildActionMask = 2147483647;
			files = (
				36F076EE26000925001FE815 /* ContentView.swift in Sources */,
				36F076EC26000925001FE815 /* ChronosApp.swift in Sources */,
			);
			runOnlyForDeploymentPostprocessing = 0;
		};
		36F076F526000929001FE815 /* Sources */ = {
			isa = PBXSourcesBuildPhase;
			buildActionMask = 2147483647;
			files = (
				36F076FE26000929001FE815 /* ChronosTests.swift in Sources */,
			);
			runOnlyForDeploymentPostprocessing = 0;
		};
		36F0770026000929001FE815 /* Sources */ = {
			isa = PBXSourcesBuildPhase;
			buildActionMask = 2147483647;
			files = (
				36F0770926000929001FE815 /* ChronosUITests.swift in Sources */,
			);
			runOnlyForDeploymentPostprocessing = 0;
		};
/* End PBXSourcesBuildPhase section */

/* Begin PBXTargetDependency section */
		36F076FB26000929001FE815 /* PBXTargetDependency */ = {
			isa = PBXTargetDependency;
			target = 36F076E726000925001FE815 /* Chronos */;
			targetProxy = 36F076FA26000929001FE815 /* PBXContainerItemProxy */;
		};
		36F0770626000929001FE815 /* PBXTargetDependency */ = {
			isa = PBXTargetDependency;
			target = 36F076E726000925001FE815 /* Chronos */;
			targetProxy = 36F0770526000929001FE815 /* PBXContainerItemProxy */;
		};
/* End PBXTargetDependency section */

/* Begin XCBuildConfiguration section */
		36F0770B26000929001FE815 /* Debug */ = {
			isa = XCBuildConfiguration;
			buildSettings = {
				ALWAYS_SEARCH_USER_PATHS = NO;
				CLANG_ANALYZER_NONNULL = YES;
				CLANG_ANALYZER_NUMBER_OBJECT_CONVERSION = YES_AGGRESSIVE;
				CLANG_CXX_LANGUAGE_STANDARD = "gnu++14";
				CLANG_CXX_LIBRARY = "libc++";
				CLANG_ENABLE_MODULES = YES;
				CLANG_ENABLE_OBJC_ARC = YES;
				CLANG_ENABLE_OBJC_WEAK = YES;
				CLANG_WARN_BLOCK_CAPTURE_AUTORELEASING = YES;
				CLANG_WARN_BOOL_CONVERSION = YES;
				CLANG_WARN_COMMA = YES;
				CLANG_WARN_CONSTANT_CONVERSION = YES;
				CLANG_WARN_DEPRECATED_OBJC_IMPLEMENTATIONS = YES;
				CLANG_WARN_DIRECT_OBJC_ISA_USAGE = YES_ERROR;
				CLANG_WARN_DOCUMENTATION_COMMENTS = YES;
				CLANG_WARN_EMPTY_BODY = YES;
				CLANG_WARN_ENUM_CONVERSION = YES;
				CLANG_WARN_INFINITE_RECURSION = YES;
				CLANG_WARN_INT_CONVERSION = YES;
				CLANG_WARN_NON_LITERAL_NULL_CONVERSION = YES;
				CLANG_WARN_OBJC_IMPLICIT_RETAIN_SELF = YES;
				CLANG_WARN_OBJC_LITERAL_CONVERSION = YES;
				CLANG_WARN_OBJC_ROOT_CLASS = YES_ERROR;
				CLANG_WARN_QUOTED_INCLUDE_IN_FRAMEWORK_HEADER = YES;
				CLANG_WARN_RANGE_LOOP_ANALYSIS = YES;
				CLANG_WARN_STRICT_PROTOTYPES = YES;
				CLANG_WARN_SUSPICIOUS_MOVE = YES;
				CLANG_WARN_UNGUARDED_AVAILABILITY = YES_AGGRESSIVE;
				CLANG_WARN_UNREACHABLE_CODE = YES;
				CLANG_WARN__DUPLICATE_METHOD_MATCH = YES;
				COPY_PHASE_STRIP = NO;
				DEBUG_INFORMATION_FORMAT = dwarf;
				ENABLE_STRICT_OBJC_MSGSEND = YES;
				ENABLE_TESTABILITY = YES;
				GCC_C_LANGUAGE_STANDARD = gnu11;
				GCC_DYNAMIC_NO_PIC = NO;
				GCC_NO_COMMON_BLOCKS = YES;
				GCC_OPTIMIZATION_LEVEL = 0;
				GCC_PREPROCESSOR_DEFINITIONS = (
					"DEBUG=1",
					"$(inherited)",
				);
				GCC_WARN_64_TO_32_BIT_CONVERSION = YES;
				GCC_WARN_ABOUT_RETURN_TYPE = YES_ERROR;
				GCC_WARN_UNDECLARED_SELECTOR = YES;
				GCC_WARN_UNINITIALIZED_AUTOS = YES_AGGRESSIVE;
				GCC_WARN_UNUSED_FUNCTION = YES;
				GCC_WARN_UNUSED_VARIABLE = YES;
				IPHONEOS_DEPLOYMENT_TARGET = 14.4;
				MTL_ENABLE_DEBUG_INFO = INCLUDE_SOURCE;
				MTL_FAST_MATH = YES;
				ONLY_ACTIVE_ARCH = YES;
				SDKROOT = iphoneos;
				SWIFT_ACTIVE_COMPILATION_CONDITIONS = DEBUG;
				SWIFT_OPTIMIZATION_LEVEL = "-Onone";
			};
			name = Debug;
		};
		36F0770C26000929001FE815 /* Release */ = {
			isa = XCBuildConfiguration;
			buildSettings = {
				ALWAYS_SEARCH_USER_PATHS = NO;
				CLANG_ANALYZER_NONNULL = YES;
				CLANG_ANALYZER_NUMBER_OBJECT_CONVERSION = YES_AGGRESSIVE;
				CLANG_CXX_LANGUAGE_STANDARD = "gnu++14";
				CLANG_CXX_LIBRARY = "libc++";
				CLANG_ENABLE_MODULES = YES;
				CLANG_ENABLE_OBJC_ARC = YES;
				CLANG_ENABLE_OBJC_WEAK = YES;
				CLANG_WARN_BLOCK_CAPTURE_AUTORELEASING = YES;
				CLANG_WARN_BOOL_CONVERSION = YES;
				CLANG_WARN_COMMA = YES;
				CLANG_WARN_CONSTANT_CONVERSION = YES;
				CLANG_WARN_DEPRECATED_OBJC_IMPLEMENTATIONS = YES;
				CLANG_WARN_DIRECT_OBJC_ISA_USAGE = YES_ERROR;
				CLANG_WARN_DOCUMENTATION_COMMENTS = YES;
				CLANG_WARN_EMPTY_BODY = YES;
				CLANG_WARN_ENUM_CONVERSION = YES;
				CLANG_WARN_INFINITE_RECURSION = YES;
				CLANG_WARN_INT_CONVERSION = YES;
				CLANG_WARN_NON_LITERAL_NULL_CONVERSION = YES;
				CLANG_WARN_OBJC_IMPLICIT_RETAIN_SELF = YES;
				CLANG_WARN_OBJC_LITERAL_CONVERSION = YES;
				CLANG_WARN_OBJC_ROOT_CLASS = YES_ERROR;
				CLANG_WARN_QUOTED_INCLUDE_IN_FRAMEWORK_HEADER = YES;
				CLANG_WARN_RANGE_LOOP_ANALYSIS = YES;
				CLANG_WARN_STRICT_PROTOTYPES = YES;
				CLANG_WARN_SUSPICIOUS_MOVE = YES;
				CLANG_WARN_UNGUARDED_AVAILABILITY = YES_AGGRESSIVE;
				CLANG_WARN_UNREACHABLE_CODE = YES;
				CLANG_WARN__DUPLICATE_METHOD_MATCH = YES;
				COPY_PHASE_STRIP = NO;
				DEBUG_INFORMATION_FORMAT = "dwarf-with-dsym";
				ENABLE_NS_ASSERTIONS = NO;
				ENABLE_STRICT_OBJC_MSGSEND = YES;
				GCC_C_LANGUAGE_STANDARD = gnu11;
				GCC_NO_COMMON_BLOCKS = YES;
				GCC_WARN_64_TO_32_BIT_CONVERSION = YES;
				GCC_WARN_ABOUT_RETURN_TYPE = YES_ERROR;
				GCC_WARN_UNDECLARED_SELECTOR = YES;
				GCC_WARN_UNINITIALIZED_AUTOS = YES_AGGRESSIVE;
				GCC_WARN_UNUSED_FUNCTION = YES;
				GCC_WARN_UNUSED_VARIABLE = YES;
				IPHONEOS_DEPLOYMENT_TARGET = 14.4;
				MTL_ENABLE_DEBUG_INFO = NO;
				MTL_FAST_MATH = YES;
				SDKROOT = iphoneos;
				SWIFT_COMPILATION_MODE = wholemodule;
				SWIFT_OPTIMIZATION_LEVEL = "-O";
				VALIDATE_PRODUCT = YES;
			};
			name = Release;
		};
		36F0770E26000929001FE815 /* Debug */ = {
			isa = XCBuildConfiguration;
			buildSettings = {
				ASSETCATALOG_COMPILER_APPICON_NAME = AppIcon;
				ASSETCATALOG_COMPILER_GLOBAL_ACCENT_COLOR_NAME = AccentColor;
				CODE_SIGN_STYLE = Automatic;
				DEVELOPMENT_ASSET_PATHS = "\"Chronos/Preview Content\"";
				DEVELOPMENT_TEAM = P396ZA9B93;
				ENABLE_PREVIEWS = YES;
				INFOPLIST_FILE = Chronos/Info.plist;
				IPHONEOS_DEPLOYMENT_TARGET = 14.0;
				LD_RUNPATH_SEARCH_PATHS = (
					"$(inherited)",
					"@executable_path/Frameworks",
				);
				PRODUCT_BUNDLE_IDENTIFIER = jakobn.Chronos;
				PRODUCT_NAME = "$(TARGET_NAME)";
				SWIFT_VERSION = 5.0;
				TARGETED_DEVICE_FAMILY = "1,2";
			};
			name = Debug;
		};
		36F0770F26000929001FE815 /* Release */ = {
			isa = XCBuildConfiguration;
			buildSettings = {
				ASSETCATALOG_COMPILER_APPICON_NAME = AppIcon;
				ASSETCATALOG_COMPILER_GLOBAL_ACCENT_COLOR_NAME = AccentColor;
				CODE_SIGN_STYLE = Automatic;
				DEVELOPMENT_ASSET_PATHS = "\"Chronos/Preview Content\"";
				DEVELOPMENT_TEAM = P396ZA9B93;
				ENABLE_PREVIEWS = YES;
				INFOPLIST_FILE = Chronos/Info.plist;
				IPHONEOS_DEPLOYMENT_TARGET = 14.0;
				LD_RUNPATH_SEARCH_PATHS = (
					"$(inherited)",
					"@executable_path/Frameworks",
				);
				PRODUCT_BUNDLE_IDENTIFIER = jakobn.Chronos;
				PRODUCT_NAME = "$(TARGET_NAME)";
				SWIFT_VERSION = 5.0;
				TARGETED_DEVICE_FAMILY = "1,2";
			};
			name = Release;
		};
		36F0771126000929001FE815 /* Debug */ = {
			isa = XCBuildConfiguration;
			buildSettings = {
				ALWAYS_EMBED_SWIFT_STANDARD_LIBRARIES = YES;
				BUNDLE_LOADER = "$(TEST_HOST)";
				CODE_SIGN_STYLE = Automatic;
				DEVELOPMENT_TEAM = P396ZA9B93;
				INFOPLIST_FILE = ChronosTests/Info.plist;
				IPHONEOS_DEPLOYMENT_TARGET = 14.0;
				LD_RUNPATH_SEARCH_PATHS = (
					"$(inherited)",
					"@executable_path/Frameworks",
					"@loader_path/Frameworks",
				);
				PRODUCT_BUNDLE_IDENTIFIER = jakobn.ChronosTests;
				PRODUCT_NAME = "$(TARGET_NAME)";
				SWIFT_VERSION = 5.0;
				TARGETED_DEVICE_FAMILY = "1,2";
				TEST_HOST = "$(BUILT_PRODUCTS_DIR)/Chronos.app/Chronos";
			};
			name = Debug;
		};
		36F0771226000929001FE815 /* Release */ = {
			isa = XCBuildConfiguration;
			buildSettings = {
				ALWAYS_EMBED_SWIFT_STANDARD_LIBRARIES = YES;
				BUNDLE_LOADER = "$(TEST_HOST)";
				CODE_SIGN_STYLE = Automatic;
				DEVELOPMENT_TEAM = P396ZA9B93;
				INFOPLIST_FILE = ChronosTests/Info.plist;
				IPHONEOS_DEPLOYMENT_TARGET = 14.0;
				LD_RUNPATH_SEARCH_PATHS = (
					"$(inherited)",
					"@executable_path/Frameworks",
					"@loader_path/Frameworks",
				);
				PRODUCT_BUNDLE_IDENTIFIER = jakobn.ChronosTests;
				PRODUCT_NAME = "$(TARGET_NAME)";
				SWIFT_VERSION = 5.0;
				TARGETED_DEVICE_FAMILY = "1,2";
				TEST_HOST = "$(BUILT_PRODUCTS_DIR)/Chronos.app/Chronos";
			};
			name = Release;
		};
		36F0771426000929001FE815 /* Debug */ = {
			isa = XCBuildConfiguration;
			buildSettings = {
				ALWAYS_EMBED_SWIFT_STANDARD_LIBRARIES = YES;
				CODE_SIGN_STYLE = Automatic;
				DEVELOPMENT_TEAM = P396ZA9B93;
				INFOPLIST_FILE = ChronosUITests/Info.plist;
				LD_RUNPATH_SEARCH_PATHS = (
					"$(inherited)",
					"@executable_path/Frameworks",
					"@loader_path/Frameworks",
				);
				PRODUCT_BUNDLE_IDENTIFIER = jakobn.ChronosUITests;
				PRODUCT_NAME = "$(TARGET_NAME)";
				SWIFT_VERSION = 5.0;
				TARGETED_DEVICE_FAMILY = "1,2";
				TEST_TARGET_NAME = Chronos;
			};
			name = Debug;
		};
		36F0771526000929001FE815 /* Release */ = {
			isa = XCBuildConfiguration;
			buildSettings = {
				ALWAYS_EMBED_SWIFT_STANDARD_LIBRARIES = YES;
				CODE_SIGN_STYLE = Automatic;
				DEVELOPMENT_TEAM = P396ZA9B93;
				INFOPLIST_FILE = ChronosUITests/Info.plist;
				LD_RUNPATH_SEARCH_PATHS = (
					"$(inherited)",
					"@executable_path/Frameworks",
					"@loader_path/Frameworks",
				);
				PRODUCT_BUNDLE_IDENTIFIER = jakobn.ChronosUITests;
				PRODUCT_NAME = "$(TARGET_NAME)";
				SWIFT_VERSION = 5.0;
				TARGETED_DEVICE_FAMILY = "1,2";
				TEST_TARGET_NAME = Chronos;
			};
			name = Release;
		};
/* End XCBuildConfiguration section */

/* Begin XCConfigurationList section */
		36F076E326000925001FE815 /* Build configuration list for PBXProject "Chronos" */ = {
			isa = XCConfigurationList;
			buildConfigurations = (
				36F0770B26000929001FE815 /* Debug */,
				36F0770C26000929001FE815 /* Release */,
			);
			defaultConfigurationIsVisible = 0;
			defaultConfigurationName = Release;
		};
		36F0770D26000929001FE815 /* Build configuration list for PBXNativeTarget "Chronos" */ = {
			isa = XCConfigurationList;
			buildConfigurations = (
				36F0770E26000929001FE815 /* Debug */,
				36F0770F26000929001FE815 /* Release */,
			);
			defaultConfigurationIsVisible = 0;
			defaultConfigurationName = Release;
		};
		36F0771026000929001FE815 /* Build configuration list for PBXNativeTarget "ChronosTests" */ = {
			isa = XCConfigurationList;
			buildConfigurations = (
				36F0771126000929001FE815 /* Debug */,
				36F0771226000929001FE815 /* Release */,
			);
			defaultConfigurationIsVisible = 0;
			defaultConfigurationName = Release;
		};
		36F0771326000929001FE815 /* Build configuration list for PBXNativeTarget "ChronosUITests" */ = {
			isa = XCConfigurationList;
			buildConfigurations = (
				36F0771426000929001FE815 /* Debug */,
				36F0771526000929001FE815 /* Release */,
			);
			defaultConfigurationIsVisible = 0;
			defaultConfigurationName = Release;
		};
/* End XCConfigurationList section */
	};
	rootObject = 36F076E026000925001FE815 /* Project object */;
}
