// !$*UTF8*$!
{
	archiveVersion = 1;
	classes = {
	};
	objectVersion = 51;
	objects = {

/* Begin PBXBuildFile section */
		361E09CC2609BEF30006BC8C /* WorkoutList.swift in Sources */ = {isa = PBXBuildFile; fileRef = 361E09CB2609BEF30006BC8C /* WorkoutList.swift */; };
		361E09D12609BF0A0006BC8C /* WorkoutModel.swift in Sources */ = {isa = PBXBuildFile; fileRef = 361E09D02609BF0A0006BC8C /* WorkoutModel.swift */; };
		361E09D62609C17F0006BC8C /* WorkoutVM.swift in Sources */ = {isa = PBXBuildFile; fileRef = 361E09D52609C17F0006BC8C /* WorkoutVM.swift */; };
		361E09E3260E68C80006BC8C /* Timer.swift in Sources */ = {isa = PBXBuildFile; fileRef = 361E09E2260E68C80006BC8C /* Timer.swift */; };
		361E09E8261008EB0006BC8C /* StartWorkout.swift in Sources */ = {isa = PBXBuildFile; fileRef = 361E09E7261008EB0006BC8C /* StartWorkout.swift */; };
		36584F14262683920055A667 /* WorkoutsRepository.swift in Sources */ = {isa = PBXBuildFile; fileRef = 36584F13262683920055A667 /* WorkoutsRepository.swift */; };
		367CF4B2261271D6007BF5A1 /* Finished.swift in Sources */ = {isa = PBXBuildFile; fileRef = 367CF4B1261271D6007BF5A1 /* Finished.swift */; };
		36C90C452651A07500F5BFBC /* historyDetail.swift in Sources */ = {isa = PBXBuildFile; fileRef = 36C90C442651A07500F5BFBC /* historyDetail.swift */; };
		36C90C472651A61700F5BFBC /* StreakManager.swift in Sources */ = {isa = PBXBuildFile; fileRef = 36C90C462651A61700F5BFBC /* StreakManager.swift */; };
		36F076EC26000925001FE815 /* ChronosApp.swift in Sources */ = {isa = PBXBuildFile; fileRef = 36F076EB26000925001FE815 /* ChronosApp.swift */; };
		36F076EE26000925001FE815 /* Launch.swift in Sources */ = {isa = PBXBuildFile; fileRef = 36F076ED26000925001FE815 /* Launch.swift */; };
		36F076F026000928001FE815 /* Assets.xcassets in Resources */ = {isa = PBXBuildFile; fileRef = 36F076EF26000928001FE815 /* Assets.xcassets */; };
		36F076F326000928001FE815 /* Preview Assets.xcassets in Resources */ = {isa = PBXBuildFile; fileRef = 36F076F226000928001FE815 /* Preview Assets.xcassets */; };
		36F076FE26000929001FE815 /* ChronosTests.swift in Sources */ = {isa = PBXBuildFile; fileRef = 36F076FD26000929001FE815 /* ChronosTests.swift */; };
		36F0770926000929001FE815 /* ChronosUITests.swift in Sources */ = {isa = PBXBuildFile; fileRef = 36F0770826000929001FE815 /* ChronosUITests.swift */; };
		36FC0EFB2644E2920074E6AC /* History.swift in Sources */ = {isa = PBXBuildFile; fileRef = 36FC0EFA2644E2920074E6AC /* History.swift */; };
		ABA89A596F29459F7C1FBFE7 /* Pods_Chronos_ChronosUITests.framework in Frameworks */ = {isa = PBXBuildFile; fileRef = 2C47094CD09EB5D5DC336B4D /* Pods_Chronos_ChronosUITests.framework */; };
		C40F4E33B900BD37CD264B61 /* Pods_Chronos.framework in Frameworks */ = {isa = PBXBuildFile; fileRef = 29ED64306766F168974EF14B /* Pods_Chronos.framework */; };
		D24904368AB8F8EAA56C2825 /* Pods_ChronosTests.framework in Frameworks */ = {isa = PBXBuildFile; fileRef = 64B4D5C4AA3B769213FE95E1 /* Pods_ChronosTests.framework */; };
/* End PBXBuildFile section */

/* Begin PBXContainerItemProxy section */
		36F076FA26000929001FE815 /* PBXContainerItemProxy */ = {
			isa = PBXContainerItemProxy;
			containerPortal = 36F076E026000925001FE815 /* Project object */;
			proxyType = 1;
			remoteGlobalIDString = 36F076E726000925001FE815;
			remoteInfo = Chronos;
		};
		36F0770526000929001FE815 /* PBXContainerItemProxy */ = {
			isa = PBXContainerItemProxy;
			containerPortal = 36F076E026000925001FE815 /* Project object */;
			proxyType = 1;
			remoteGlobalIDString = 36F076E726000925001FE815;
			remoteInfo = Chronos;
		};
/* End PBXContainerItemProxy section */

/* Begin PBXFileReference section */
		29ED64306766F168974EF14B /* Pods_Chronos.framework */ = {isa = PBXFileReference; explicitFileType = wrapper.framework; includeInIndex = 0; path = Pods_Chronos.framework; sourceTree = BUILT_PRODUCTS_DIR; };
		2C47094CD09EB5D5DC336B4D /* Pods_Chronos_ChronosUITests.framework */ = {isa = PBXFileReference; explicitFileType = wrapper.framework; includeInIndex = 0; path = Pods_Chronos_ChronosUITests.framework; sourceTree = BUILT_PRODUCTS_DIR; };
		35340903D17925AAA19A541A /* Pods-Chronos.release.xcconfig */ = {isa = PBXFileReference; includeInIndex = 1; lastKnownFileType = text.xcconfig; name = "Pods-Chronos.release.xcconfig"; path = "Target Support Files/Pods-Chronos/Pods-Chronos.release.xcconfig"; sourceTree = "<group>"; };
		361E09CB2609BEF30006BC8C /* WorkoutList.swift */ = {isa = PBXFileReference; lastKnownFileType = sourcecode.swift; path = WorkoutList.swift; sourceTree = "<group>"; };
		361E09D02609BF0A0006BC8C /* WorkoutModel.swift */ = {isa = PBXFileReference; lastKnownFileType = sourcecode.swift; path = WorkoutModel.swift; sourceTree = "<group>"; };
		361E09D52609C17F0006BC8C /* WorkoutVM.swift */ = {isa = PBXFileReference; lastKnownFileType = sourcecode.swift; path = WorkoutVM.swift; sourceTree = "<group>"; };
		361E09E2260E68C80006BC8C /* Timer.swift */ = {isa = PBXFileReference; lastKnownFileType = sourcecode.swift; path = Timer.swift; sourceTree = "<group>"; };
		361E09E7261008EB0006BC8C /* StartWorkout.swift */ = {isa = PBXFileReference; lastKnownFileType = sourcecode.swift; path = StartWorkout.swift; sourceTree = "<group>"; };
		36584F13262683920055A667 /* WorkoutsRepository.swift */ = {isa = PBXFileReference; lastKnownFileType = sourcecode.swift; path = WorkoutsRepository.swift; sourceTree = "<group>"; };
		367CF4B1261271D6007BF5A1 /* Finished.swift */ = {isa = PBXFileReference; lastKnownFileType = sourcecode.swift; path = Finished.swift; sourceTree = "<group>"; };
		36C90C442651A07500F5BFBC /* historyDetail.swift */ = {isa = PBXFileReference; lastKnownFileType = sourcecode.swift; path = historyDetail.swift; sourceTree = "<group>"; };
		36C90C462651A61700F5BFBC /* StreakManager.swift */ = {isa = PBXFileReference; lastKnownFileType = sourcecode.swift; name = StreakManager.swift; path = Chronos/Views/StreakManager.swift; sourceTree = SOURCE_ROOT; };
		36F076E826000925001FE815 /* Chronos.app */ = {isa = PBXFileReference; explicitFileType = wrapper.application; includeInIndex = 0; path = Chronos.app; sourceTree = BUILT_PRODUCTS_DIR; };
		36F076EB26000925001FE815 /* ChronosApp.swift */ = {isa = PBXFileReference; lastKnownFileType = sourcecode.swift; path = ChronosApp.swift; sourceTree = "<group>"; };
		36F076ED26000925001FE815 /* Launch.swift */ = {isa = PBXFileReference; lastKnownFileType = sourcecode.swift; path = Launch.swift; sourceTree = "<group>"; };
		36F076EF26000928001FE815 /* Assets.xcassets */ = {isa = PBXFileReference; lastKnownFileType = folder.assetcatalog; path = Assets.xcassets; sourceTree = "<group>"; };
		36F076F226000928001FE815 /* Preview Assets.xcassets */ = {isa = PBXFileReference; lastKnownFileType = folder.assetcatalog; path = "Preview Assets.xcassets"; sourceTree = "<group>"; };
		36F076F426000928001FE815 /* Info.plist */ = {isa = PBXFileReference; lastKnownFileType = text.plist.xml; path = Info.plist; sourceTree = "<group>"; };
		36F076F926000929001FE815 /* ChronosTests.xctest */ = {isa = PBXFileReference; explicitFileType = wrapper.cfbundle; includeInIndex = 0; path = ChronosTests.xctest; sourceTree = BUILT_PRODUCTS_DIR; };
		36F076FD26000929001FE815 /* ChronosTests.swift */ = {isa = PBXFileReference; lastKnownFileType = sourcecode.swift; path = ChronosTests.swift; sourceTree = "<group>"; };
		36F076FF26000929001FE815 /* Info.plist */ = {isa = PBXFileReference; lastKnownFileType = text.plist.xml; path = Info.plist; sourceTree = "<group>"; };
		36F0770426000929001FE815 /* ChronosUITests.xctest */ = {isa = PBXFileReference; explicitFileType = wrapper.cfbundle; includeInIndex = 0; path = ChronosUITests.xctest; sourceTree = BUILT_PRODUCTS_DIR; };
		36F0770826000929001FE815 /* ChronosUITests.swift */ = {isa = PBXFileReference; lastKnownFileType = sourcecode.swift; path = ChronosUITests.swift; sourceTree = "<group>"; };
		36F0770A26000929001FE815 /* Info.plist */ = {isa = PBXFileReference; lastKnownFileType = text.plist.xml; path = Info.plist; sourceTree = "<group>"; };
		36FC0EFA2644E2920074E6AC /* History.swift */ = {isa = PBXFileReference; lastKnownFileType = sourcecode.swift; path = History.swift; sourceTree = "<group>"; };
		46C84524026AE3C66CAA06C7 /* Pods-ChronosTests.release.xcconfig */ = {isa = PBXFileReference; includeInIndex = 1; lastKnownFileType = text.xcconfig; name = "Pods-ChronosTests.release.xcconfig"; path = "Target Support Files/Pods-ChronosTests/Pods-ChronosTests.release.xcconfig"; sourceTree = "<group>"; };
		5C9E2329F80658DC587E0F6D /* Pods-ChronosTests.debug.xcconfig */ = {isa = PBXFileReference; includeInIndex = 1; lastKnownFileType = text.xcconfig; name = "Pods-ChronosTests.debug.xcconfig"; path = "Target Support Files/Pods-ChronosTests/Pods-ChronosTests.debug.xcconfig"; sourceTree = "<group>"; };
		64B4D5C4AA3B769213FE95E1 /* Pods_ChronosTests.framework */ = {isa = PBXFileReference; explicitFileType = wrapper.framework; includeInIndex = 0; path = Pods_ChronosTests.framework; sourceTree = BUILT_PRODUCTS_DIR; };
		708FA005EA1597180D044267 /* Pods-Chronos-ChronosUITests.release.xcconfig */ = {isa = PBXFileReference; includeInIndex = 1; lastKnownFileType = text.xcconfig; name = "Pods-Chronos-ChronosUITests.release.xcconfig"; path = "Target Support Files/Pods-Chronos-ChronosUITests/Pods-Chronos-ChronosUITests.release.xcconfig"; sourceTree = "<group>"; };
		D707B7D67249695512E13E08 /* Pods-Chronos.debug.xcconfig */ = {isa = PBXFileReference; includeInIndex = 1; lastKnownFileType = text.xcconfig; name = "Pods-Chronos.debug.xcconfig"; path = "Target Support Files/Pods-Chronos/Pods-Chronos.debug.xcconfig"; sourceTree = "<group>"; };
		FB62C521D6E9268276D5CE24 /* Pods-Chronos-ChronosUITests.debug.xcconfig */ = {isa = PBXFileReference; includeInIndex = 1; lastKnownFileType = text.xcconfig; name = "Pods-Chronos-ChronosUITests.debug.xcconfig"; path = "Target Support Files/Pods-Chronos-ChronosUITests/Pods-Chronos-ChronosUITests.debug.xcconfig"; sourceTree = "<group>"; };
/* End PBXFileReference section */

/* Begin PBXFrameworksBuildPhase section */
		36F076E526000925001FE815 /* Frameworks */ = {
			isa = PBXFrameworksBuildPhase;
			buildActionMask = 2147483647;
			files = (
				C40F4E33B900BD37CD264B61 /* Pods_Chronos.framework in Frameworks */,
			);
			runOnlyForDeploymentPostprocessing = 0;
		};
		36F076F626000929001FE815 /* Frameworks */ = {
			isa = PBXFrameworksBuildPhase;
			buildActionMask = 2147483647;
			files = (
				D24904368AB8F8EAA56C2825 /* Pods_ChronosTests.framework in Frameworks */,
			);
			runOnlyForDeploymentPostprocessing = 0;
		};
		36F0770126000929001FE815 /* Frameworks */ = {
			isa = PBXFrameworksBuildPhase;
			buildActionMask = 2147483647;
			files = (
				ABA89A596F29459F7C1FBFE7 /* Pods_Chronos_ChronosUITests.framework in Frameworks */,
			);
			runOnlyForDeploymentPostprocessing = 0;
		};
/* End PBXFrameworksBuildPhase section */

/* Begin PBXGroup section */
		0263B112CB61D411E78EB1DC /* Frameworks */ = {
			isa = PBXGroup;
			children = (
				29ED64306766F168974EF14B /* Pods_Chronos.framework */,
				2C47094CD09EB5D5DC336B4D /* Pods_Chronos_ChronosUITests.framework */,
				64B4D5C4AA3B769213FE95E1 /* Pods_ChronosTests.framework */,
			);
			name = Frameworks;
			sourceTree = "<group>";
		};
		361DCCF4261A868C00AD61EC /* Views */ = {
			isa = PBXGroup;
			children = (
				36F076ED26000925001FE815 /* Launch.swift */,
				361E09CB2609BEF30006BC8C /* WorkoutList.swift */,
				361E09E7261008EB0006BC8C /* StartWorkout.swift */,
				367CF4B1261271D6007BF5A1 /* Finished.swift */,
				36FC0EFA2644E2920074E6AC /* History.swift */,
				36C90C442651A07500F5BFBC /* historyDetail.swift */,
			);
			path = Views;
			sourceTree = "<group>";
		};
		361DCCF5261A86C100AD61EC /* Models */ = {
			isa = PBXGroup;
			children = (
				36C90C462651A61700F5BFBC /* StreakManager.swift */,
				361E09D02609BF0A0006BC8C /* WorkoutModel.swift */,
				361E09E2260E68C80006BC8C /* Timer.swift */,
			);
			path = Models;
			sourceTree = "<group>";
		};
		36584F12262683700055A667 /* Repositories */ = {
			isa = PBXGroup;
			children = (
				36584F13262683920055A667 /* WorkoutsRepository.swift */,
			);
			path = Repositories;
			sourceTree = "<group>";
		};
		36584F322626C6310055A667 /* ViewModels */ = {
			isa = PBXGroup;
			children = (
				361E09D52609C17F0006BC8C /* WorkoutVM.swift */,
			);
			path = ViewModels;
			sourceTree = "<group>";
		};
		36F076DF26000925001FE815 = {
			isa = PBXGroup;
			children = (
				36F076EA26000925001FE815 /* Chronos */,
				36F076FC26000929001FE815 /* ChronosTests */,
				36F0770726000929001FE815 /* ChronosUITests */,
				36F076E926000925001FE815 /* Products */,
				8ECE54ADA372FECD5EAFFD08 /* Pods */,
				0263B112CB61D411E78EB1DC /* Frameworks */,
			);
			sourceTree = "<group>";
		};
		36F076E926000925001FE815 /* Products */ = {
			isa = PBXGroup;
			children = (
				36F076E826000925001FE815 /* Chronos.app */,
				36F076F926000929001FE815 /* ChronosTests.xctest */,
				36F0770426000929001FE815 /* ChronosUITests.xctest */,
			);
			name = Products;
			sourceTree = "<group>";
		};
		36F076EA26000925001FE815 /* Chronos */ = {
			isa = PBXGroup;
			children = (
				36F076EB26000925001FE815 /* ChronosApp.swift */,
				36584F12262683700055A667 /* Repositories */,
				361DCCF4261A868C00AD61EC /* Views */,
				361DCCF5261A86C100AD61EC /* Models */,
				36584F322626C6310055A667 /* ViewModels */,
				36F076EF26000928001FE815 /* Assets.xcassets */,
				36F076F426000928001FE815 /* Info.plist */,
				36F076F126000928001FE815 /* Preview Content */,
			);
			path = Chronos;
			sourceTree = "<group>";
		};
		36F076F126000928001FE815 /* Preview Content */ = {
			isa = PBXGroup;
			children = (
				36F076F226000928001FE815 /* Preview Assets.xcassets */,
			);
			path = "Preview Content";
			sourceTree = "<group>";
		};
		36F076FC26000929001FE815 /* ChronosTests */ = {
			isa = PBXGroup;
			children = (
				36F076FD26000929001FE815 /* ChronosTests.swift */,
				36F076FF26000929001FE815 /* Info.plist */,
			);
			path = ChronosTests;
			sourceTree = "<group>";
		};
		36F0770726000929001FE815 /* ChronosUITests */ = {
			isa = PBXGroup;
			children = (
				36F0770826000929001FE815 /* ChronosUITests.swift */,
				36F0770A26000929001FE815 /* Info.plist */,
			);
			path = ChronosUITests;
			sourceTree = "<group>";
		};
		8ECE54ADA372FECD5EAFFD08 /* Pods */ = {
			isa = PBXGroup;
			children = (
				D707B7D67249695512E13E08 /* Pods-Chronos.debug.xcconfig */,
				35340903D17925AAA19A541A /* Pods-Chronos.release.xcconfig */,
				FB62C521D6E9268276D5CE24 /* Pods-Chronos-ChronosUITests.debug.xcconfig */,
				708FA005EA1597180D044267 /* Pods-Chronos-ChronosUITests.release.xcconfig */,
				5C9E2329F80658DC587E0F6D /* Pods-ChronosTests.debug.xcconfig */,
				46C84524026AE3C66CAA06C7 /* Pods-ChronosTests.release.xcconfig */,
			);
			path = Pods;
			sourceTree = "<group>";
		};
/* End PBXGroup section */

/* Begin PBXNativeTarget section */
		36F076E726000925001FE815 /* Chronos */ = {
			isa = PBXNativeTarget;
			buildConfigurationList = 36F0770D26000929001FE815 /* Build configuration list for PBXNativeTarget "Chronos" */;
			buildPhases = (
				94BA71B55750E9CFCC2571CF /* [CP] Check Pods Manifest.lock */,
				36F076E426000925001FE815 /* Sources */,
				36F076E526000925001FE815 /* Frameworks */,
				36F076E626000925001FE815 /* Resources */,
				EA07F94688DA05565455ECFA /* [CP] Embed Pods Frameworks */,
			);
			buildRules = (
			);
			dependencies = (
			);
			name = Chronos;
			productName = Chronos;
			productReference = 36F076E826000925001FE815 /* Chronos.app */;
			productType = "com.apple.product-type.application";
		};
		36F076F826000929001FE815 /* ChronosTests */ = {
			isa = PBXNativeTarget;
			buildConfigurationList = 36F0771026000929001FE815 /* Build configuration list for PBXNativeTarget "ChronosTests" */;
			buildPhases = (
				3A904E0CDDE0D7BE18372AB8 /* [CP] Check Pods Manifest.lock */,
				36F076F526000929001FE815 /* Sources */,
				36F076F626000929001FE815 /* Frameworks */,
				36F076F726000929001FE815 /* Resources */,
			);
			buildRules = (
			);
			dependencies = (
				36F076FB26000929001FE815 /* PBXTargetDependency */,
			);
			name = ChronosTests;
			productName = ChronosTests;
			productReference = 36F076F926000929001FE815 /* ChronosTests.xctest */;
			productType = "com.apple.product-type.bundle.unit-test";
		};
		36F0770326000929001FE815 /* ChronosUITests */ = {
			isa = PBXNativeTarget;
			buildConfigurationList = 36F0771326000929001FE815 /* Build configuration list for PBXNativeTarget "ChronosUITests" */;
			buildPhases = (
				D9AB0FF2D6F129D96B6D93B0 /* [CP] Check Pods Manifest.lock */,
				36F0770026000929001FE815 /* Sources */,
				36F0770126000929001FE815 /* Frameworks */,
				36F0770226000929001FE815 /* Resources */,
				37ABACE88D69912D3B0BF084 /* [CP] Embed Pods Frameworks */,
			);
			buildRules = (
			);
			dependencies = (
				36F0770626000929001FE815 /* PBXTargetDependency */,
			);
			name = ChronosUITests;
			productName = ChronosUITests;
			productReference = 36F0770426000929001FE815 /* ChronosUITests.xctest */;
			productType = "com.apple.product-type.bundle.ui-testing";
		};
/* End PBXNativeTarget section */

/* Begin PBXProject section */
		36F076E026000925001FE815 /* Project object */ = {
			isa = PBXProject;
			attributes = {
				LastSwiftUpdateCheck = 1240;
				LastUpgradeCheck = 1240;
				TargetAttributes = {
					36F076E726000925001FE815 = {
						CreatedOnToolsVersion = 12.4;
					};
					36F076F826000929001FE815 = {
						CreatedOnToolsVersion = 12.4;
						TestTargetID = 36F076E726000925001FE815;
					};
					36F0770326000929001FE815 = {
						CreatedOnToolsVersion = 12.4;
						TestTargetID = 36F076E726000925001FE815;
					};
				};
			};
			buildConfigurationList = 36F076E326000925001FE815 /* Build configuration list for PBXProject "Chronos" */;
			compatibilityVersion = "Xcode 9.3";
			developmentRegion = en;
			hasScannedForEncodings = 0;
			knownRegions = (
				en,
				Base,
			);
			mainGroup = 36F076DF26000925001FE815;
			productRefGroup = 36F076E926000925001FE815 /* Products */;
			projectDirPath = "";
			projectRoot = "";
			targets = (
				36F076E726000925001FE815 /* Chronos */,
				36F076F826000929001FE815 /* ChronosTests */,
				36F0770326000929001FE815 /* ChronosUITests */,
			);
		};
/* End PBXProject section */

/* Begin PBXResourcesBuildPhase section */
		36F076E626000925001FE815 /* Resources */ = {
			isa = PBXResourcesBuildPhase;
			buildActionMask = 2147483647;
			files = (
				36F076F326000928001FE815 /* Preview Assets.xcassets in Resources */,
				36F076F026000928001FE815 /* Assets.xcassets in Resources */,
			);
			runOnlyForDeploymentPostprocessing = 0;
		};
		36F076F726000929001FE815 /* Resources */ = {
			isa = PBXResourcesBuildPhase;
			buildActionMask = 2147483647;
			files = (
			);
			runOnlyForDeploymentPostprocessing = 0;
		};
		36F0770226000929001FE815 /* Resources */ = {
			isa = PBXResourcesBuildPhase;
			buildActionMask = 2147483647;
			files = (
			);
			runOnlyForDeploymentPostprocessing = 0;
		};
/* End PBXResourcesBuildPhase section */

/* Begin PBXShellScriptBuildPhase section */
		37ABACE88D69912D3B0BF084 /* [CP] Embed Pods Frameworks */ = {
			isa = PBXShellScriptBuildPhase;
			buildActionMask = 2147483647;
			files = (
			);
			inputFileListPaths = (
				"${PODS_ROOT}/Target Support Files/Pods-Chronos-ChronosUITests/Pods-Chronos-ChronosUITests-frameworks-${CONFIGURATION}-input-files.xcfilelist",
			);
			name = "[CP] Embed Pods Frameworks";
			outputFileListPaths = (
				"${PODS_ROOT}/Target Support Files/Pods-Chronos-ChronosUITests/Pods-Chronos-ChronosUITests-frameworks-${CONFIGURATION}-output-files.xcfilelist",
			);
			runOnlyForDeploymentPostprocessing = 0;
			shellPath = /bin/sh;
			shellScript = "\"${PODS_ROOT}/Target Support Files/Pods-Chronos-ChronosUITests/Pods-Chronos-ChronosUITests-frameworks.sh\"\n";
			showEnvVarsInLog = 0;
		};
		3A904E0CDDE0D7BE18372AB8 /* [CP] Check Pods Manifest.lock */ = {
			isa = PBXShellScriptBuildPhase;
			buildActionMask = 2147483647;
			files = (
			);
			inputFileListPaths = (
			);
			inputPaths = (
				"${PODS_PODFILE_DIR_PATH}/Podfile.lock",
				"${PODS_ROOT}/Manifest.lock",
			);
			name = "[CP] Check Pods Manifest.lock";
			outputFileListPaths = (
			);
			outputPaths = (
				"$(DERIVED_FILE_DIR)/Pods-ChronosTests-checkManifestLockResult.txt",
			);
			runOnlyForDeploymentPostprocessing = 0;
			shellPath = /bin/sh;
			shellScript = "diff \"${PODS_PODFILE_DIR_PATH}/Podfile.lock\" \"${PODS_ROOT}/Manifest.lock\" > /dev/null\nif [ $? != 0 ] ; then\n    # print error to STDERR\n    echo \"error: The sandbox is not in sync with the Podfile.lock. Run 'pod install' or update your CocoaPods installation.\" >&2\n    exit 1\nfi\n# This output is used by Xcode 'outputs' to avoid re-running this script phase.\necho \"SUCCESS\" > \"${SCRIPT_OUTPUT_FILE_0}\"\n";
			showEnvVarsInLog = 0;
		};
		94BA71B55750E9CFCC2571CF /* [CP] Check Pods Manifest.lock */ = {
			isa = PBXShellScriptBuildPhase;
			buildActionMask = 2147483647;
			files = (
			);
			inputFileListPaths = (
			);
			inputPaths = (
				"${PODS_PODFILE_DIR_PATH}/Podfile.lock",
				"${PODS_ROOT}/Manifest.lock",
			);
			name = "[CP] Check Pods Manifest.lock";
			outputFileListPaths = (
			);
			outputPaths = (
				"$(DERIVED_FILE_DIR)/Pods-Chronos-checkManifestLockResult.txt",
			);
			runOnlyForDeploymentPostprocessing = 0;
			shellPath = /bin/sh;
			shellScript = "diff \"${PODS_PODFILE_DIR_PATH}/Podfile.lock\" \"${PODS_ROOT}/Manifest.lock\" > /dev/null\nif [ $? != 0 ] ; then\n    # print error to STDERR\n    echo \"error: The sandbox is not in sync with the Podfile.lock. Run 'pod install' or update your CocoaPods installation.\" >&2\n    exit 1\nfi\n# This output is used by Xcode 'outputs' to avoid re-running this script phase.\necho \"SUCCESS\" > \"${SCRIPT_OUTPUT_FILE_0}\"\n";
			showEnvVarsInLog = 0;
		};
		D9AB0FF2D6F129D96B6D93B0 /* [CP] Check Pods Manifest.lock */ = {
			isa = PBXShellScriptBuildPhase;
			buildActionMask = 2147483647;
			files = (
			);
			inputFileListPaths = (
			);
			inputPaths = (
				"${PODS_PODFILE_DIR_PATH}/Podfile.lock",
				"${PODS_ROOT}/Manifest.lock",
			);
			name = "[CP] Check Pods Manifest.lock";
			outputFileListPaths = (
			);
			outputPaths = (
				"$(DERIVED_FILE_DIR)/Pods-Chronos-ChronosUITests-checkManifestLockResult.txt",
			);
			runOnlyForDeploymentPostprocessing = 0;
			shellPath = /bin/sh;
			shellScript = "diff \"${PODS_PODFILE_DIR_PATH}/Podfile.lock\" \"${PODS_ROOT}/Manifest.lock\" > /dev/null\nif [ $? != 0 ] ; then\n    # print error to STDERR\n    echo \"error: The sandbox is not in sync with the Podfile.lock. Run 'pod install' or update your CocoaPods installation.\" >&2\n    exit 1\nfi\n# This output is used by Xcode 'outputs' to avoid re-running this script phase.\necho \"SUCCESS\" > \"${SCRIPT_OUTPUT_FILE_0}\"\n";
			showEnvVarsInLog = 0;
		};
		EA07F94688DA05565455ECFA /* [CP] Embed Pods Frameworks */ = {
			isa = PBXShellScriptBuildPhase;
			buildActionMask = 2147483647;
			files = (
			);
			inputFileListPaths = (
				"${PODS_ROOT}/Target Support Files/Pods-Chronos/Pods-Chronos-frameworks-${CONFIGURATION}-input-files.xcfilelist",
			);
			name = "[CP] Embed Pods Frameworks";
			outputFileListPaths = (
				"${PODS_ROOT}/Target Support Files/Pods-Chronos/Pods-Chronos-frameworks-${CONFIGURATION}-output-files.xcfilelist",
			);
			runOnlyForDeploymentPostprocessing = 0;
			shellPath = /bin/sh;
			shellScript = "\"${PODS_ROOT}/Target Support Files/Pods-Chronos/Pods-Chronos-frameworks.sh\"\n";
			showEnvVarsInLog = 0;
		};
/* End PBXShellScriptBuildPhase section */

/* Begin PBXSourcesBuildPhase section */
		36F076E426000925001FE815 /* Sources */ = {
			isa = PBXSourcesBuildPhase;
			buildActionMask = 2147483647;
			files = (
				361E09CC2609BEF30006BC8C /* WorkoutList.swift in Sources */,
				36584F14262683920055A667 /* WorkoutsRepository.swift in Sources */,
				361E09D12609BF0A0006BC8C /* WorkoutModel.swift in Sources */,
				361E09E8261008EB0006BC8C /* StartWorkout.swift in Sources */,
				36FC0EFB2644E2920074E6AC /* History.swift in Sources */,
				36F076EE26000925001FE815 /* Launch.swift in Sources */,
				361E09E3260E68C80006BC8C /* Timer.swift in Sources */,
				36C90C452651A07500F5BFBC /* historyDetail.swift in Sources */,
				361E09D62609C17F0006BC8C /* WorkoutVM.swift in Sources */,
				36F076EC26000925001FE815 /* ChronosApp.swift in Sources */,
				367CF4B2261271D6007BF5A1 /* Finished.swift in Sources */,
				36C90C472651A61700F5BFBC /* StreakManager.swift in Sources */,
			);
			runOnlyForDeploymentPostprocessing = 0;
		};
		36F076F526000929001FE815 /* Sources */ = {
			isa = PBXSourcesBuildPhase;
			buildActionMask = 2147483647;
			files = (
				36F076FE26000929001FE815 /* ChronosTests.swift in Sources */,
			);
			runOnlyForDeploymentPostprocessing = 0;
		};
		36F0770026000929001FE815 /* Sources */ = {
			isa = PBXSourcesBuildPhase;
			buildActionMask = 2147483647;
			files = (
				36F0770926000929001FE815 /* ChronosUITests.swift in Sources */,
			);
			runOnlyForDeploymentPostprocessing = 0;
		};
/* End PBXSourcesBuildPhase section */

/* Begin PBXTargetDependency section */
		36F076FB26000929001FE815 /* PBXTargetDependency */ = {
			isa = PBXTargetDependency;
			target = 36F076E726000925001FE815 /* Chronos */;
			targetProxy = 36F076FA26000929001FE815 /* PBXContainerItemProxy */;
		};
		36F0770626000929001FE815 /* PBXTargetDependency */ = {
			isa = PBXTargetDependency;
			target = 36F076E726000925001FE815 /* Chronos */;
			targetProxy = 36F0770526000929001FE815 /* PBXContainerItemProxy */;
		};
/* End PBXTargetDependency section */

/* Begin XCBuildConfiguration section */
		36F0770B26000929001FE815 /* Debug */ = {
			isa = XCBuildConfiguration;
			buildSettings = {
				ALWAYS_SEARCH_USER_PATHS = NO;
				CLANG_ANALYZER_NONNULL = YES;
				CLANG_ANALYZER_NUMBER_OBJECT_CONVERSION = YES_AGGRESSIVE;
				CLANG_CXX_LANGUAGE_STANDARD = "gnu++14";
				CLANG_CXX_LIBRARY = "libc++";
				CLANG_ENABLE_MODULES = YES;
				CLANG_ENABLE_OBJC_ARC = YES;
				CLANG_ENABLE_OBJC_WEAK = YES;
				CLANG_WARN_BLOCK_CAPTURE_AUTORELEASING = YES;
				CLANG_WARN_BOOL_CONVERSION = YES;
				CLANG_WARN_COMMA = YES;
				CLANG_WARN_CONSTANT_CONVERSION = YES;
				CLANG_WARN_DEPRECATED_OBJC_IMPLEMENTATIONS = YES;
				CLANG_WARN_DIRECT_OBJC_ISA_USAGE = YES_ERROR;
				CLANG_WARN_DOCUMENTATION_COMMENTS = YES;
				CLANG_WARN_EMPTY_BODY = YES;
				CLANG_WARN_ENUM_CONVERSION = YES;
				CLANG_WARN_INFINITE_RECURSION = YES;
				CLANG_WARN_INT_CONVERSION = YES;
				CLANG_WARN_NON_LITERAL_NULL_CONVERSION = YES;
				CLANG_WARN_OBJC_IMPLICIT_RETAIN_SELF = YES;
				CLANG_WARN_OBJC_LITERAL_CONVERSION = YES;
				CLANG_WARN_OBJC_ROOT_CLASS = YES_ERROR;
				CLANG_WARN_QUOTED_INCLUDE_IN_FRAMEWORK_HEADER = YES;
				CLANG_WARN_RANGE_LOOP_ANALYSIS = YES;
				CLANG_WARN_STRICT_PROTOTYPES = YES;
				CLANG_WARN_SUSPICIOUS_MOVE = YES;
				CLANG_WARN_UNGUARDED_AVAILABILITY = YES_AGGRESSIVE;
				CLANG_WARN_UNREACHABLE_CODE = YES;
				CLANG_WARN__DUPLICATE_METHOD_MATCH = YES;
				COPY_PHASE_STRIP = NO;
				DEBUG_INFORMATION_FORMAT = dwarf;
				ENABLE_STRICT_OBJC_MSGSEND = YES;
				ENABLE_TESTABILITY = YES;
				GCC_C_LANGUAGE_STANDARD = gnu11;
				GCC_DYNAMIC_NO_PIC = NO;
				GCC_NO_COMMON_BLOCKS = YES;
				GCC_OPTIMIZATION_LEVEL = 0;
				GCC_PREPROCESSOR_DEFINITIONS = (
					"DEBUG=1",
					"$(inherited)",
				);
				GCC_WARN_64_TO_32_BIT_CONVERSION = YES;
				GCC_WARN_ABOUT_RETURN_TYPE = YES_ERROR;
				GCC_WARN_UNDECLARED_SELECTOR = YES;
				GCC_WARN_UNINITIALIZED_AUTOS = YES_AGGRESSIVE;
				GCC_WARN_UNUSED_FUNCTION = YES;
				GCC_WARN_UNUSED_VARIABLE = YES;
				IPHONEOS_DEPLOYMENT_TARGET = 14.4;
				MTL_ENABLE_DEBUG_INFO = INCLUDE_SOURCE;
				MTL_FAST_MATH = YES;
				ONLY_ACTIVE_ARCH = YES;
				SDKROOT = iphoneos;
				SWIFT_ACTIVE_COMPILATION_CONDITIONS = DEBUG;
				SWIFT_OPTIMIZATION_LEVEL = "-Onone";
			};
			name = Debug;
		};
		36F0770C26000929001FE815 /* Release */ = {
			isa = XCBuildConfiguration;
			buildSettings = {
				ALWAYS_SEARCH_USER_PATHS = NO;
				CLANG_ANALYZER_NONNULL = YES;
				CLANG_ANALYZER_NUMBER_OBJECT_CONVERSION = YES_AGGRESSIVE;
				CLANG_CXX_LANGUAGE_STANDARD = "gnu++14";
				CLANG_CXX_LIBRARY = "libc++";
				CLANG_ENABLE_MODULES = YES;
				CLANG_ENABLE_OBJC_ARC = YES;
				CLANG_ENABLE_OBJC_WEAK = YES;
				CLANG_WARN_BLOCK_CAPTURE_AUTORELEASING = YES;
				CLANG_WARN_BOOL_CONVERSION = YES;
				CLANG_WARN_COMMA = YES;
				CLANG_WARN_CONSTANT_CONVERSION = YES;
				CLANG_WARN_DEPRECATED_OBJC_IMPLEMENTATIONS = YES;
				CLANG_WARN_DIRECT_OBJC_ISA_USAGE = YES_ERROR;
				CLANG_WARN_DOCUMENTATION_COMMENTS = YES;
				CLANG_WARN_EMPTY_BODY = YES;
				CLANG_WARN_ENUM_CONVERSION = YES;
				CLANG_WARN_INFINITE_RECURSION = YES;
				CLANG_WARN_INT_CONVERSION = YES;
				CLANG_WARN_NON_LITERAL_NULL_CONVERSION = YES;
				CLANG_WARN_OBJC_IMPLICIT_RETAIN_SELF = YES;
				CLANG_WARN_OBJC_LITERAL_CONVERSION = YES;
				CLANG_WARN_OBJC_ROOT_CLASS = YES_ERROR;
				CLANG_WARN_QUOTED_INCLUDE_IN_FRAMEWORK_HEADER = YES;
				CLANG_WARN_RANGE_LOOP_ANALYSIS = YES;
				CLANG_WARN_STRICT_PROTOTYPES = YES;
				CLANG_WARN_SUSPICIOUS_MOVE = YES;
				CLANG_WARN_UNGUARDED_AVAILABILITY = YES_AGGRESSIVE;
				CLANG_WARN_UNREACHABLE_CODE = YES;
				CLANG_WARN__DUPLICATE_METHOD_MATCH = YES;
				COPY_PHASE_STRIP = NO;
				DEBUG_INFORMATION_FORMAT = "dwarf-with-dsym";
				ENABLE_NS_ASSERTIONS = NO;
				ENABLE_STRICT_OBJC_MSGSEND = YES;
				GCC_C_LANGUAGE_STANDARD = gnu11;
				GCC_NO_COMMON_BLOCKS = YES;
				GCC_WARN_64_TO_32_BIT_CONVERSION = YES;
				GCC_WARN_ABOUT_RETURN_TYPE = YES_ERROR;
				GCC_WARN_UNDECLARED_SELECTOR = YES;
				GCC_WARN_UNINITIALIZED_AUTOS = YES_AGGRESSIVE;
				GCC_WARN_UNUSED_FUNCTION = YES;
				GCC_WARN_UNUSED_VARIABLE = YES;
				IPHONEOS_DEPLOYMENT_TARGET = 14.4;
				MTL_ENABLE_DEBUG_INFO = NO;
				MTL_FAST_MATH = YES;
				SDKROOT = iphoneos;
				SWIFT_COMPILATION_MODE = wholemodule;
				SWIFT_OPTIMIZATION_LEVEL = "-O";
				VALIDATE_PRODUCT = YES;
			};
			name = Release;
		};
		36F0770E26000929001FE815 /* Debug */ = {
			isa = XCBuildConfiguration;
			baseConfigurationReference = D707B7D67249695512E13E08 /* Pods-Chronos.debug.xcconfig */;
			buildSettings = {
				ASSETCATALOG_COMPILER_APPICON_NAME = AppIcon;
				ASSETCATALOG_COMPILER_GLOBAL_ACCENT_COLOR_NAME = AccentColor;
				CODE_SIGN_STYLE = Automatic;
				DEVELOPMENT_ASSET_PATHS = "\"Chronos/Preview Content\"";
				DEVELOPMENT_TEAM = P396ZA9B93;
				ENABLE_PREVIEWS = YES;
				INFOPLIST_FILE = Chronos/Info.plist;
				IPHONEOS_DEPLOYMENT_TARGET = 14.0;
				LD_RUNPATH_SEARCH_PATHS = (
					"$(inherited)",
					"@executable_path/Frameworks",
				);
				PRODUCT_BUNDLE_IDENTIFIER = jakobn.Chronos;
				PRODUCT_NAME = "$(TARGET_NAME)";
				SWIFT_VERSION = 5.0;
				TARGETED_DEVICE_FAMILY = "1,2";
			};
			name = Debug;
		};
		36F0770F26000929001FE815 /* Release */ = {
			isa = XCBuildConfiguration;
			baseConfigurationReference = 35340903D17925AAA19A541A /* Pods-Chronos.release.xcconfig */;
			buildSettings = {
				ASSETCATALOG_COMPILER_APPICON_NAME = AppIcon;
				ASSETCATALOG_COMPILER_GLOBAL_ACCENT_COLOR_NAME = AccentColor;
				CODE_SIGN_STYLE = Automatic;
				DEVELOPMENT_ASSET_PATHS = "\"Chronos/Preview Content\"";
				DEVELOPMENT_TEAM = P396ZA9B93;
				ENABLE_PREVIEWS = YES;
				INFOPLIST_FILE = Chronos/Info.plist;
				IPHONEOS_DEPLOYMENT_TARGET = 14.0;
				LD_RUNPATH_SEARCH_PATHS = (
					"$(inherited)",
					"@executable_path/Frameworks",
				);
				PRODUCT_BUNDLE_IDENTIFIER = jakobn.Chronos;
				PRODUCT_NAME = "$(TARGET_NAME)";
				SWIFT_VERSION = 5.0;
				TARGETED_DEVICE_FAMILY = "1,2";
			};
			name = Release;
		};
		36F0771126000929001FE815 /* Debug */ = {
			isa = XCBuildConfiguration;
			baseConfigurationReference = 5C9E2329F80658DC587E0F6D /* Pods-ChronosTests.debug.xcconfig */;
			buildSettings = {
				ALWAYS_EMBED_SWIFT_STANDARD_LIBRARIES = YES;
				BUNDLE_LOADER = "$(TEST_HOST)";
				CODE_SIGN_STYLE = Automatic;
				DEVELOPMENT_TEAM = P396ZA9B93;
				INFOPLIST_FILE = ChronosTests/Info.plist;
				IPHONEOS_DEPLOYMENT_TARGET = 14.0;
				LD_RUNPATH_SEARCH_PATHS = (
					"$(inherited)",
					"@executable_path/Frameworks",
					"@loader_path/Frameworks",
				);
				PRODUCT_BUNDLE_IDENTIFIER = jakobn.ChronosTests;
				PRODUCT_NAME = "$(TARGET_NAME)";
				SWIFT_VERSION = 5.0;
				TARGETED_DEVICE_FAMILY = "1,2";
				TEST_HOST = "$(BUILT_PRODUCTS_DIR)/Chronos.app/Chronos";
			};
			name = Debug;
		};
		36F0771226000929001FE815 /* Release */ = {
			isa = XCBuildConfiguration;
			baseConfigurationReference = 46C84524026AE3C66CAA06C7 /* Pods-ChronosTests.release.xcconfig */;
			buildSettings = {
				ALWAYS_EMBED_SWIFT_STANDARD_LIBRARIES = YES;
				BUNDLE_LOADER = "$(TEST_HOST)";
				CODE_SIGN_STYLE = Automatic;
				DEVELOPMENT_TEAM = P396ZA9B93;
				INFOPLIST_FILE = ChronosTests/Info.plist;
				IPHONEOS_DEPLOYMENT_TARGET = 14.0;
				LD_RUNPATH_SEARCH_PATHS = (
					"$(inherited)",
					"@executable_path/Frameworks",
					"@loader_path/Frameworks",
				);
				PRODUCT_BUNDLE_IDENTIFIER = jakobn.ChronosTests;
				PRODUCT_NAME = "$(TARGET_NAME)";
				SWIFT_VERSION = 5.0;
				TARGETED_DEVICE_FAMILY = "1,2";
				TEST_HOST = "$(BUILT_PRODUCTS_DIR)/Chronos.app/Chronos";
			};
			name = Release;
		};
		36F0771426000929001FE815 /* Debug */ = {
			isa = XCBuildConfiguration;
			baseConfigurationReference = FB62C521D6E9268276D5CE24 /* Pods-Chronos-ChronosUITests.debug.xcconfig */;
			buildSettings = {
				ALWAYS_EMBED_SWIFT_STANDARD_LIBRARIES = YES;
				CODE_SIGN_STYLE = Automatic;
				DEVELOPMENT_TEAM = P396ZA9B93;
				INFOPLIST_FILE = ChronosUITests/Info.plist;
				LD_RUNPATH_SEARCH_PATHS = (
					"$(inherited)",
					"@executable_path/Frameworks",
					"@loader_path/Frameworks",
				);
				PRODUCT_BUNDLE_IDENTIFIER = jakobn.ChronosUITests;
				PRODUCT_NAME = "$(TARGET_NAME)";
				SWIFT_VERSION = 5.0;
				TARGETED_DEVICE_FAMILY = "1,2";
				TEST_TARGET_NAME = Chronos;
			};
			name = Debug;
		};
		36F0771526000929001FE815 /* Release */ = {
			isa = XCBuildConfiguration;
			baseConfigurationReference = 708FA005EA1597180D044267 /* Pods-Chronos-ChronosUITests.release.xcconfig */;
			buildSettings = {
				ALWAYS_EMBED_SWIFT_STANDARD_LIBRARIES = YES;
				CODE_SIGN_STYLE = Automatic;
				DEVELOPMENT_TEAM = P396ZA9B93;
				INFOPLIST_FILE = ChronosUITests/Info.plist;
				LD_RUNPATH_SEARCH_PATHS = (
					"$(inherited)",
					"@executable_path/Frameworks",
					"@loader_path/Frameworks",
				);
				PRODUCT_BUNDLE_IDENTIFIER = jakobn.ChronosUITests;
				PRODUCT_NAME = "$(TARGET_NAME)";
				SWIFT_VERSION = 5.0;
				TARGETED_DEVICE_FAMILY = "1,2";
				TEST_TARGET_NAME = Chronos;
			};
			name = Release;
		};
/* End XCBuildConfiguration section */

/* Begin XCConfigurationList section */
		36F076E326000925001FE815 /* Build configuration list for PBXProject "Chronos" */ = {
			isa = XCConfigurationList;
			buildConfigurations = (
				36F0770B26000929001FE815 /* Debug */,
				36F0770C26000929001FE815 /* Release */,
			);
			defaultConfigurationIsVisible = 0;
			defaultConfigurationName = Release;
		};
		36F0770D26000929001FE815 /* Build configuration list for PBXNativeTarget "Chronos" */ = {
			isa = XCConfigurationList;
			buildConfigurations = (
				36F0770E26000929001FE815 /* Debug */,
				36F0770F26000929001FE815 /* Release */,
			);
			defaultConfigurationIsVisible = 0;
			defaultConfigurationName = Release;
		};
		36F0771026000929001FE815 /* Build configuration list for PBXNativeTarget "ChronosTests" */ = {
			isa = XCConfigurationList;
			buildConfigurations = (
				36F0771126000929001FE815 /* Debug */,
				36F0771226000929001FE815 /* Release */,
			);
			defaultConfigurationIsVisible = 0;
			defaultConfigurationName = Release;
		};
		36F0771326000929001FE815 /* Build configuration list for PBXNativeTarget "ChronosUITests" */ = {
			isa = XCConfigurationList;
			buildConfigurations = (
				36F0771426000929001FE815 /* Debug */,
				36F0771526000929001FE815 /* Release */,
			);
			defaultConfigurationIsVisible = 0;
			defaultConfigurationName = Release;
		};
/* End XCConfigurationList section */
	};
	rootObject = 36F076E026000925001FE815 /* Project object */;
}
